
Microsoft Visual Studio Solution File, Format Version 12.00
# Visual Studio Version 16
VisualStudioVersion = 16.0.28714.193
MinimumVisualStudioVersion = 10.0.40219.1
Project("{FAE04EC0-301F-11D3-BF4B-00C04F79EFBC}") = "testBottles", "testBottles\testBottles.csproj", "{85F60EA1-0965-4582-AA63-02EE33D2970F}"
EndProject
Global
	GlobalSection(SolutionConfigurationPlatforms) = preSolution
		Debug|Any CPU = Debug|Any CPU
		Release|Any CPU = Release|Any CPU
	EndGlobalSection
	GlobalSection(ProjectConfigurationPlatforms) = postSolution
		{85F60EA1-0965-4582-AA63-02EE33D2970F}.Debug|Any CPU.ActiveCfg = Debug|Any CPU
		{85F60EA1-0965-4582-AA63-02EE33D2970F}.Debug|Any CPU.Build.0 = Debug|Any CPU
		{85F60EA1-0965-4582-AA63-02EE33D2970F}.Release|Any CPU.ActiveCfg = Release|Any CPU
		{85F60EA1-0965-4582-AA63-02EE33D2970F}.Release|Any CPU.Build.0 = Release|Any CPU
	EndGlobalSection
	GlobalSection(SolutionProperties) = preSolution
		HideSolutionNode = FALSE
	EndGlobalSection
	GlobalSection(ExtensibilityGlobals) = postSolution
		SolutionGuid = {ECE91DDB-668D-4A56-BC3E-749FFF0C20D4}
	EndGlobalSection
EndGlobal
